
Microsoft Visual Studio Solution File, Format Version 12.00
# Visual Studio Version 16
VisualStudioVersion = 16.0.29806.167
MinimumVisualStudioVersion = 10.0.40219.1
Project("{FAE04EC0-301F-11D3-BF4B-00C04F79EFBC}") = "SampleTest.UWP", "SampleTest\SampleTest.UWP\SampleTest.UWP.csproj", "{CF7CD71F-7D01-4FDD-BD60-58465705CA68}"
EndProject
Project("{FAE04EC0-301F-11D3-BF4B-00C04F79EFBC}") = "SampleTest.Android", "SampleTest\SampleTest.Android\SampleTest.Android.csproj", "{C5482058-8D04-4F0B-8CCE-8AB9B003D6D8}"
EndProject
Project("{FAE04EC0-301F-11D3-BF4B-00C04F79EFBC}") = "SampleTest.iOS", "SampleTest\SampleTest.iOS\SampleTest.iOS.csproj", "{55496F0E-1E1C-4FBC-82A5-7D1A5315E2D2}"
EndProject
Project("{FAE04EC0-301F-11D3-BF4B-00C04F79EFBC}") = "SampleTest", "SampleTest\SampleTest\SampleTest.csproj", "{B4C6971B-8D35-4BDF-AE6F-F49A6D44937B}"
EndProject
Global
	GlobalSection(SolutionConfigurationPlatforms) = preSolution
		Debug|Any CPU = Debug|Any CPU
		Debug|ARM = Debug|ARM
		Debug|iPhone = Debug|iPhone
		Debug|iPhoneSimulator = Debug|iPhoneSimulator
		Debug|x64 = Debug|x64
		Debug|x86 = Debug|x86
		Release|Any CPU = Release|Any CPU
		Release|ARM = Release|ARM
		Release|iPhone = Release|iPhone
		Release|iPhoneSimulator = Release|iPhoneSimulator
		Release|x64 = Release|x64
		Release|x86 = Release|x86
	EndGlobalSection
	GlobalSection(ProjectConfigurationPlatforms) = postSolution
		{CF7CD71F-7D01-4FDD-BD60-58465705CA68}.Debug|Any CPU.ActiveCfg = Debug|x86
		{CF7CD71F-7D01-4FDD-BD60-58465705CA68}.Debug|Any CPU.Build.0 = Debug|x86
		{CF7CD71F-7D01-4FDD-BD60-58465705CA68}.Debug|Any CPU.Deploy.0 = Debug|x86
		{CF7CD71F-7D01-4FDD-BD60-58465705CA68}.Debug|ARM.ActiveCfg = Debug|ARM
		{CF7CD71F-7D01-4FDD-BD60-58465705CA68}.Debug|ARM.Build.0 = Debug|ARM
		{CF7CD71F-7D01-4FDD-BD60-58465705CA68}.Debug|ARM.Deploy.0 = Debug|ARM
		{CF7CD71F-7D01-4FDD-BD60-58465705CA68}.Debug|iPhone.ActiveCfg = Debug|x86
		{CF7CD71F-7D01-4FDD-BD60-58465705CA68}.Debug|iPhone.Build.0 = Debug|x86
		{CF7CD71F-7D01-4FDD-BD60-58465705CA68}.Debug|iPhone.Deploy.0 = Debug|x86
		{CF7CD71F-7D01-4FDD-BD60-58465705CA68}.Debug|iPhoneSimulator.ActiveCfg = Debug|x86
		{CF7CD71F-7D01-4FDD-BD60-58465705CA68}.Debug|iPhoneSimulator.Build.0 = Debug|x86
		{CF7CD71F-7D01-4FDD-BD60-58465705CA68}.Debug|iPhoneSimulator.Deploy.0 = Debug|x86
		{CF7CD71F-7D01-4FDD-BD60-58465705CA68}.Debug|x64.ActiveCfg = Debug|x64
		{CF7CD71F-7D01-4FDD-BD60-58465705CA68}.Debug|x64.Build.0 = Debug|x64
		{CF7CD71F-7D01-4FDD-BD60-58465705CA68}.Debug|x64.Deploy.0 = Debug|x64
		{CF7CD71F-7D01-4FDD-BD60-58465705CA68}.Debug|x86.ActiveCfg = Debug|x86
		{CF7CD71F-7D01-4FDD-BD60-58465705CA68}.Debug|x86.Build.0 = Debug|x86
		{CF7CD71F-7D01-4FDD-BD60-58465705CA68}.Debug|x86.Deploy.0 = Debug|x86
		{CF7CD71F-7D01-4FDD-BD60-58465705CA68}.Release|Any CPU.ActiveCfg = Release|x86
		{CF7CD71F-7D01-4FDD-BD60-58465705CA68}.Release|Any CPU.Build.0 = Release|x86
		{CF7CD71F-7D01-4FDD-BD60-58465705CA68}.Release|Any CPU.Deploy.0 = Release|x86
		{CF7CD71F-7D01-4FDD-BD60-58465705CA68}.Release|ARM.ActiveCfg = Release|ARM
		{CF7CD71F-7D01-4FDD-BD60-58465705CA68}.Release|ARM.Build.0 = Release|ARM
		{CF7CD71F-7D01-4FDD-BD60-58465705CA68}.Release|ARM.Deploy.0 = Release|ARM
		{CF7CD71F-7D01-4FDD-BD60-58465705CA68}.Release|iPhone.ActiveCfg = Release|x86
		{CF7CD71F-7D01-4FDD-BD60-58465705CA68}.Release|iPhone.Build.0 = Release|x86
		{CF7CD71F-7D01-4FDD-BD60-58465705CA68}.Release|iPhone.Deploy.0 = Release|x86
		{CF7CD71F-7D01-4FDD-BD60-58465705CA68}.Release|iPhoneSimulator.ActiveCfg = Release|x86
		{CF7CD71F-7D01-4FDD-BD60-58465705CA68}.Release|iPhoneSimulator.Build.0 = Release|x86
		{CF7CD71F-7D01-4FDD-BD60-58465705CA68}.Release|iPhoneSimulator.Deploy.0 = Release|x86
		{CF7CD71F-7D01-4FDD-BD60-58465705CA68}.Release|x64.ActiveCfg = Release|x64
		{CF7CD71F-7D01-4FDD-BD60-58465705CA68}.Release|x64.Build.0 = Release|x64
		{CF7CD71F-7D01-4FDD-BD60-58465705CA68}.Release|x64.Deploy.0 = Release|x64
		{CF7CD71F-7D01-4FDD-BD60-58465705CA68}.Release|x86.ActiveCfg = Release|x86
		{CF7CD71F-7D01-4FDD-BD60-58465705CA68}.Release|x86.Build.0 = Release|x86
		{CF7CD71F-7D01-4FDD-BD60-58465705CA68}.Release|x86.Deploy.0 = Release|x86
		{C5482058-8D04-4F0B-8CCE-8AB9B003D6D8}.Debug|Any CPU.ActiveCfg = Debug|Any CPU
		{C5482058-8D04-4F0B-8CCE-8AB9B003D6D8}.Debug|Any CPU.Build.0 = Debug|Any CPU
		{C5482058-8D04-4F0B-8CCE-8AB9B003D6D8}.Debug|Any CPU.Deploy.0 = Debug|Any CPU
		{C5482058-8D04-4F0B-8CCE-8AB9B003D6D8}.Debug|ARM.ActiveCfg = Debug|Any CPU
		{C5482058-8D04-4F0B-8CCE-8AB9B003D6D8}.Debug|ARM.Build.0 = Debug|Any CPU
		{C5482058-8D04-4F0B-8CCE-8AB9B003D6D8}.Debug|ARM.Deploy.0 = Debug|Any CPU
		{C5482058-8D04-4F0B-8CCE-8AB9B003D6D8}.Debug|iPhone.ActiveCfg = Debug|Any CPU
		{C5482058-8D04-4F0B-8CCE-8AB9B003D6D8}.Debug|iPhone.Build.0 = Debug|Any CPU
		{C5482058-8D04-4F0B-8CCE-8AB9B003D6D8}.Debug|iPhone.Deploy.0 = Debug|Any CPU
		{C5482058-8D04-4F0B-8CCE-8AB9B003D6D8}.Debug|iPhoneSimulator.ActiveCfg = Debug|Any CPU
		{C5482058-8D04-4F0B-8CCE-8AB9B003D6D8}.Debug|iPhoneSimulator.Build.0 = Debug|Any CPU
		{C5482058-8D04-4F0B-8CCE-8AB9B003D6D8}.Debug|iPhoneSimulator.Deploy.0 = Debug|Any CPU
		{C5482058-8D04-4F0B-8CCE-8AB9B003D6D8}.Debug|x64.ActiveCfg = Debug|Any CPU
		{C5482058-8D04-4F0B-8CCE-8AB9B003D6D8}.Debug|x64.Build.0 = Debug|Any CPU
		{C5482058-8D04-4F0B-8CCE-8AB9B003D6D8}.Debug|x64.Deploy.0 = Debug|Any CPU
		{C5482058-8D04-4F0B-8CCE-8AB9B003D6D8}.Debug|x86.ActiveCfg = Debug|Any CPU
		{C5482058-8D04-4F0B-8CCE-8AB9B003D6D8}.Debug|x86.Build.0 = Debug|Any CPU
		{C5482058-8D04-4F0B-8CCE-8AB9B003D6D8}.Debug|x86.Deploy.0 = Debug|Any CPU
		{C5482058-8D04-4F0B-8CCE-8AB9B003D6D8}.Release|Any CPU.ActiveCfg = Release|Any CPU
		{C5482058-8D04-4F0B-8CCE-8AB9B003D6D8}.Release|Any CPU.Build.0 = Release|Any CPU
		{C5482058-8D04-4F0B-8CCE-8AB9B003D6D8}.Release|Any CPU.Deploy.0 = Release|Any CPU
		{C5482058-8D04-4F0B-8CCE-8AB9B003D6D8}.Release|ARM.ActiveCfg = Release|Any CPU
		{C5482058-8D04-4F0B-8CCE-8AB9B003D6D8}.Release|ARM.Build.0 = Release|Any CPU
		{C5482058-8D04-4F0B-8CCE-8AB9B003D6D8}.Release|ARM.Deploy.0 = Release|Any CPU
		{C5482058-8D04-4F0B-8CCE-8AB9B003D6D8}.Release|iPhone.ActiveCfg = Release|Any CPU
		{C5482058-8D04-4F0B-8CCE-8AB9B003D6D8}.Release|iPhone.Build.0 = Release|Any CPU
		{C5482058-8D04-4F0B-8CCE-8AB9B003D6D8}.Release|iPhone.Deploy.0 = Release|Any CPU
		{C5482058-8D04-4F0B-8CCE-8AB9B003D6D8}.Release|iPhoneSimulator.ActiveCfg = Release|Any CPU
		{C5482058-8D04-4F0B-8CCE-8AB9B003D6D8}.Release|iPhoneSimulator.Build.0 = Release|Any CPU
		{C5482058-8D04-4F0B-8CCE-8AB9B003D6D8}.Release|iPhoneSimulator.Deploy.0 = Release|Any CPU
		{C5482058-8D04-4F0B-8CCE-8AB9B003D6D8}.Release|x64.ActiveCfg = Release|Any CPU
		{C5482058-8D04-4F0B-8CCE-8AB9B003D6D8}.Release|x64.Build.0 = Release|Any CPU
		{C5482058-8D04-4F0B-8CCE-8AB9B003D6D8}.Release|x64.Deploy.0 = Release|Any CPU
		{C5482058-8D04-4F0B-8CCE-8AB9B003D6D8}.Release|x86.ActiveCfg = Release|Any CPU
		{C5482058-8D04-4F0B-8CCE-8AB9B003D6D8}.Release|x86.Build.0 = Release|Any CPU
		{C5482058-8D04-4F0B-8CCE-8AB9B003D6D8}.Release|x86.Deploy.0 = Release|Any CPU
		{55496F0E-1E1C-4FBC-82A5-7D1A5315E2D2}.Debug|Any CPU.ActiveCfg = Debug|iPhone
		{55496F0E-1E1C-4FBC-82A5-7D1A5315E2D2}.Debug|Any CPU.Build.0 = Debug|iPhone
		{55496F0E-1E1C-4FBC-82A5-7D1A5315E2D2}.Debug|Any CPU.Deploy.0 = Debug|iPhone
		{55496F0E-1E1C-4FBC-82A5-7D1A5315E2D2}.Debug|ARM.ActiveCfg = Debug|iPhoneSimulator
		{55496F0E-1E1C-4FBC-82A5-7D1A5315E2D2}.Debug|ARM.Build.0 = Debug|iPhoneSimulator
		{55496F0E-1E1C-4FBC-82A5-7D1A5315E2D2}.Debug|ARM.Deploy.0 = Debug|iPhoneSimulator
		{55496F0E-1E1C-4FBC-82A5-7D1A5315E2D2}.Debug|iPhone.ActiveCfg = Debug|iPhone
		{55496F0E-1E1C-4FBC-82A5-7D1A5315E2D2}.Debug|iPhone.Build.0 = Debug|iPhone
		{55496F0E-1E1C-4FBC-82A5-7D1A5315E2D2}.Debug|iPhone.Deploy.0 = Debug|iPhone
		{55496F0E-1E1C-4FBC-82A5-7D1A5315E2D2}.Debug|iPhoneSimulator.ActiveCfg = Debug|iPhoneSimulator
		{55496F0E-1E1C-4FBC-82A5-7D1A5315E2D2}.Debug|iPhoneSimulator.Build.0 = Debug|iPhoneSimulator
		{55496F0E-1E1C-4FBC-82A5-7D1A5315E2D2}.Debug|iPhoneSimulator.Deploy.0 = Debug|iPhoneSimulator
		{55496F0E-1E1C-4FBC-82A5-7D1A5315E2D2}.Debug|x64.ActiveCfg = Debug|iPhone
		{55496F0E-1E1C-4FBC-82A5-7D1A5315E2D2}.Debug|x64.Build.0 = Debug|iPhone
		{55496F0E-1E1C-4FBC-82A5-7D1A5315E2D2}.Debug|x64.Deploy.0 = Debug|iPhone
		{55496F0E-1E1C-4FBC-82A5-7D1A5315E2D2}.Debug|x86.ActiveCfg = Debug|iPhone
		{55496F0E-1E1C-4FBC-82A5-7D1A5315E2D2}.Debug|x86.Build.0 = Debug|iPhone
		{55496F0E-1E1C-4FBC-82A5-7D1A5315E2D2}.Debug|x86.Deploy.0 = Debug|iPhone
		{55496F0E-1E1C-4FBC-82A5-7D1A5315E2D2}.Release|Any CPU.ActiveCfg = Release|iPhone
		{55496F0E-1E1C-4FBC-82A5-7D1A5315E2D2}.Release|Any CPU.Build.0 = Release|iPhone
		{55496F0E-1E1C-4FBC-82A5-7D1A5315E2D2}.Release|Any CPU.Deploy.0 = Release|iPhone
		{55496F0E-1E1C-4FBC-82A5-7D1A5315E2D2}.Release|ARM.ActiveCfg = Release|iPhone
		{55496F0E-1E1C-4FBC-82A5-7D1A5315E2D2}.Release|ARM.Build.0 = Release|iPhone
		{55496F0E-1E1C-4FBC-82A5-7D1A5315E2D2}.Release|ARM.Deploy.0 = Release|iPhone
		{55496F0E-1E1C-4FBC-82A5-7D1A5315E2D2}.Release|iPhone.ActiveCfg = Release|iPhone
		{55496F0E-1E1C-4FBC-82A5-7D1A5315E2D2}.Release|iPhone.Build.0 = Release|iPhone
		{55496F0E-1E1C-4FBC-82A5-7D1A5315E2D2}.Release|iPhone.Deploy.0 = Release|iPhone
		{55496F0E-1E1C-4FBC-82A5-7D1A5315E2D2}.Release|iPhoneSimulator.ActiveCfg = Release|iPhoneSimulator
		{55496F0E-1E1C-4FBC-82A5-7D1A5315E2D2}.Release|iPhoneSimulator.Build.0 = Release|iPhoneSimulator
		{55496F0E-1E1C-4FBC-82A5-7D1A5315E2D2}.Release|iPhoneSimulator.Deploy.0 = Release|iPhoneSimulator
		{55496F0E-1E1C-4FBC-82A5-7D1A5315E2D2}.Release|x64.ActiveCfg = Release|iPhone
		{55496F0E-1E1C-4FBC-82A5-7D1A5315E2D2}.Release|x64.Build.0 = Release|iPhone
		{55496F0E-1E1C-4FBC-82A5-7D1A5315E2D2}.Release|x64.Deploy.0 = Release|iPhone
		{55496F0E-1E1C-4FBC-82A5-7D1A5315E2D2}.Release|x86.ActiveCfg = Release|iPhone
		{55496F0E-1E1C-4FBC-82A5-7D1A5315E2D2}.Release|x86.Build.0 = Release|iPhone
		{55496F0E-1E1C-4FBC-82A5-7D1A5315E2D2}.Release|x86.Deploy.0 = Release|iPhone
		{B4C6971B-8D35-4BDF-AE6F-F49A6D44937B}.Debug|Any CPU.ActiveCfg = Debug|Any CPU
		{B4C6971B-8D35-4BDF-AE6F-F49A6D44937B}.Debug|Any CPU.Build.0 = Debug|Any CPU
		{B4C6971B-8D35-4BDF-AE6F-F49A6D44937B}.Debug|Any CPU.Deploy.0 = Debug|Any CPU
		{B4C6971B-8D35-4BDF-AE6F-F49A6D44937B}.Debug|ARM.ActiveCfg = Debug|Any CPU
		{B4C6971B-8D35-4BDF-AE6F-F49A6D44937B}.Debug|ARM.Build.0 = Debug|Any CPU
		{B4C6971B-8D35-4BDF-AE6F-F49A6D44937B}.Debug|ARM.Deploy.0 = Debug|Any CPU
		{B4C6971B-8D35-4BDF-AE6F-F49A6D44937B}.Debug|iPhone.ActiveCfg = Debug|Any CPU
		{B4C6971B-8D35-4BDF-AE6F-F49A6D44937B}.Debug|iPhone.Build.0 = Debug|Any CPU
		{B4C6971B-8D35-4BDF-AE6F-F49A6D44937B}.Debug|iPhone.Deploy.0 = Debug|Any CPU
		{B4C6971B-8D35-4BDF-AE6F-F49A6D44937B}.Debug|iPhoneSimulator.ActiveCfg = Debug|Any CPU
		{B4C6971B-8D35-4BDF-AE6F-F49A6D44937B}.Debug|iPhoneSimulator.Build.0 = Debug|Any CPU
		{B4C6971B-8D35-4BDF-AE6F-F49A6D44937B}.Debug|iPhoneSimulator.Deploy.0 = Debug|Any CPU
		{B4C6971B-8D35-4BDF-AE6F-F49A6D44937B}.Debug|x64.ActiveCfg = Debug|Any CPU
		{B4C6971B-8D35-4BDF-AE6F-F49A6D44937B}.Debug|x64.Build.0 = Debug|Any CPU
		{B4C6971B-8D35-4BDF-AE6F-F49A6D44937B}.Debug|x64.Deploy.0 = Debug|Any CPU
		{B4C6971B-8D35-4BDF-AE6F-F49A6D44937B}.Debug|x86.ActiveCfg = Debug|Any CPU
		{B4C6971B-8D35-4BDF-AE6F-F49A6D44937B}.Debug|x86.Build.0 = Debug|Any CPU
		{B4C6971B-8D35-4BDF-AE6F-F49A6D44937B}.Debug|x86.Deploy.0 = Debug|Any CPU
		{B4C6971B-8D35-4BDF-AE6F-F49A6D44937B}.Release|Any CPU.ActiveCfg = Release|Any CPU
		{B4C6971B-8D35-4BDF-AE6F-F49A6D44937B}.Release|Any CPU.Build.0 = Release|Any CPU
		{B4C6971B-8D35-4BDF-AE6F-F49A6D44937B}.Release|Any CPU.Deploy.0 = Release|Any CPU
		{B4C6971B-8D35-4BDF-AE6F-F49A6D44937B}.Release|ARM.ActiveCfg = Release|Any CPU
		{B4C6971B-8D35-4BDF-AE6F-F49A6D44937B}.Release|ARM.Build.0 = Release|Any CPU
		{B4C6971B-8D35-4BDF-AE6F-F49A6D44937B}.Release|ARM.Deploy.0 = Release|Any CPU
		{B4C6971B-8D35-4BDF-AE6F-F49A6D44937B}.Release|iPhone.ActiveCfg = Release|Any CPU
		{B4C6971B-8D35-4BDF-AE6F-F49A6D44937B}.Release|iPhone.Build.0 = Release|Any CPU
		{B4C6971B-8D35-4BDF-AE6F-F49A6D44937B}.Release|iPhone.Deploy.0 = Release|Any CPU
		{B4C6971B-8D35-4BDF-AE6F-F49A6D44937B}.Release|iPhoneSimulator.ActiveCfg = Release|Any CPU
		{B4C6971B-8D35-4BDF-AE6F-F49A6D44937B}.Release|iPhoneSimulator.Build.0 = Release|Any CPU
		{B4C6971B-8D35-4BDF-AE6F-F49A6D44937B}.Release|iPhoneSimulator.Deploy.0 = Release|Any CPU
		{B4C6971B-8D35-4BDF-AE6F-F49A6D44937B}.Release|x64.ActiveCfg = Release|Any CPU
		{B4C6971B-8D35-4BDF-AE6F-F49A6D44937B}.Release|x64.Build.0 = Release|Any CPU
		{B4C6971B-8D35-4BDF-AE6F-F49A6D44937B}.Release|x64.Deploy.0 = Release|Any CPU
		{B4C6971B-8D35-4BDF-AE6F-F49A6D44937B}.Release|x86.ActiveCfg = Release|Any CPU
		{B4C6971B-8D35-4BDF-AE6F-F49A6D44937B}.Release|x86.Build.0 = Release|Any CPU
		{B4C6971B-8D35-4BDF-AE6F-F49A6D44937B}.Release|x86.Deploy.0 = Release|Any CPU
	EndGlobalSection
	GlobalSection(SolutionProperties) = preSolution
		HideSolutionNode = FALSE
	EndGlobalSection
	GlobalSection(ExtensibilityGlobals) = postSolution
		SolutionGuid = {27EE6BE4-4AF5-4BB6-9604-AC26B574DA19}
	EndGlobalSection
EndGlobal
